
Microsoft Visual Studio Solution File, Format Version 12.00
# Visual Studio 15
VisualStudioVersion = 15.0.27703.2035
MinimumVisualStudioVersion = 10.0.40219.1
Project("{FAE04EC0-301F-11D3-BF4B-00C04F79EFBC}") = "TesteBluer", "TesteBluer\TesteBluer.csproj", "{185971D4-EB61-4DEC-BF20-33D3CC76B734}"
EndProject
Global
	GlobalSection(SolutionConfigurationPlatforms) = preSolution
		Debug|Any CPU = Debug|Any CPU
		Release|Any CPU = Release|Any CPU
	EndGlobalSection
	GlobalSection(ProjectConfigurationPlatforms) = postSolution
		{185971D4-EB61-4DEC-BF20-33D3CC76B734}.Debug|Any CPU.ActiveCfg = Debug|Any CPU
		{185971D4-EB61-4DEC-BF20-33D3CC76B734}.Debug|Any CPU.Build.0 = Debug|Any CPU
		{185971D4-EB61-4DEC-BF20-33D3CC76B734}.Release|Any CPU.ActiveCfg = Release|Any CPU
		{185971D4-EB61-4DEC-BF20-33D3CC76B734}.Release|Any CPU.Build.0 = Release|Any CPU
	EndGlobalSection
	GlobalSection(SolutionProperties) = preSolution
		HideSolutionNode = FALSE
	EndGlobalSection
	GlobalSection(ExtensibilityGlobals) = postSolution
		SolutionGuid = {3676625C-5AF7-4459-B5F7-11F82B1B39E3}
	EndGlobalSection
EndGlobal
